
Microsoft Visual Studio Solution File, Format Version 12.00
# Visual Studio 15
VisualStudioVersion = 15.0.27004.2005
MinimumVisualStudioVersion = 10.0.40219.1
Project("{FAE04EC0-301F-11D3-BF4B-00C04F79EFBC}") = "Data8.ActivityCascadeRules", "Data8.ActivityCascadeRules.csproj", "{5BF1E228-F898-40CF-B8FB-8412D8C81CFF}"
EndProject
Project("{2150E333-8FDC-42A3-9474-1A3956D46DE8}") = "Documentation", "Documentation", "{19B6CF31-23D8-485D-9964-B2B4FAF8F906}"
	ProjectSection(SolutionItems) = preProject
		README.md = README.md
		Screenshot.png = Screenshot.png
	EndProjectSection
EndProject
Global
	GlobalSection(SolutionConfigurationPlatforms) = preSolution
		Debug Without GemBox|Any CPU = Debug Without GemBox|Any CPU
		Debug|Any CPU = Debug|Any CPU
		Release|Any CPU = Release|Any CPU
	EndGlobalSection
	GlobalSection(ProjectConfigurationPlatforms) = postSolution
		{5BF1E228-F898-40CF-B8FB-8412D8C81CFF}.Debug Without GemBox|Any CPU.ActiveCfg = Debug Without GemBox|Any CPU
		{5BF1E228-F898-40CF-B8FB-8412D8C81CFF}.Debug Without GemBox|Any CPU.Build.0 = Debug Without GemBox|Any CPU
		{5BF1E228-F898-40CF-B8FB-8412D8C81CFF}.Debug|Any CPU.ActiveCfg = Debug|Any CPU
		{5BF1E228-F898-40CF-B8FB-8412D8C81CFF}.Debug|Any CPU.Build.0 = Debug|Any CPU
		{5BF1E228-F898-40CF-B8FB-8412D8C81CFF}.Release|Any CPU.ActiveCfg = Release|Any CPU
		{5BF1E228-F898-40CF-B8FB-8412D8C81CFF}.Release|Any CPU.Build.0 = Release|Any CPU
	EndGlobalSection
	GlobalSection(SolutionProperties) = preSolution
		HideSolutionNode = FALSE
	EndGlobalSection
	GlobalSection(ExtensibilityGlobals) = postSolution
		SolutionGuid = {6341CE8C-7FAB-494E-91DD-2856B1C361FE}
	EndGlobalSection
EndGlobal
